
Microsoft Visual Studio Solution File, Format Version 12.00
# Visual Studio 15
VisualStudioVersion = 15.0.26730.16
MinimumVisualStudioVersion = 10.0.40219.1
Project("{FAE04EC0-301F-11D3-BF4B-00C04F79EFBC}") = "BasicAuthNetcore", "BasicAuthNetcore\BasicAuthNetcore.csproj", "{DD7D36BF-1D80-459B-BEC2-206275BDCAE1}"
EndProject
Global
	GlobalSection(SolutionConfigurationPlatforms) = preSolution
		Debug|Any CPU = Debug|Any CPU
		Release|Any CPU = Release|Any CPU
	EndGlobalSection
	GlobalSection(ProjectConfigurationPlatforms) = postSolution
		{DD7D36BF-1D80-459B-BEC2-206275BDCAE1}.Debug|Any CPU.ActiveCfg = Debug|Any CPU
		{DD7D36BF-1D80-459B-BEC2-206275BDCAE1}.Debug|Any CPU.Build.0 = Debug|Any CPU
		{DD7D36BF-1D80-459B-BEC2-206275BDCAE1}.Release|Any CPU.ActiveCfg = Release|Any CPU
		{DD7D36BF-1D80-459B-BEC2-206275BDCAE1}.Release|Any CPU.Build.0 = Release|Any CPU
	EndGlobalSection
	GlobalSection(SolutionProperties) = preSolution
		HideSolutionNode = FALSE
	EndGlobalSection
	GlobalSection(ExtensibilityGlobals) = postSolution
		SolutionGuid = {60DA1ADB-D3CC-4599-AFFE-79E558CCCA34}
	EndGlobalSection
EndGlobal
